
Microsoft Visual Studio Solution File, Format Version 12.00
# Visual Studio Version 17
VisualStudioVersion = 17.5.33502.453
MinimumVisualStudioVersion = 10.0.40219.1
Project("{FAE04EC0-301F-11D3-BF4B-00C04F79EFBC}") = "opcua_verification", "opcua_verification\opcua_verification.csproj", "{50184391-CF74-42D5-A57F-F6CF75949338}"
EndProject
Global
	GlobalSection(SolutionConfigurationPlatforms) = preSolution
		Debug|Any CPU = Debug|Any CPU
		Release|Any CPU = Release|Any CPU
	EndGlobalSection
	GlobalSection(ProjectConfigurationPlatforms) = postSolution
		{50184391-CF74-42D5-A57F-F6CF75949338}.Debug|Any CPU.ActiveCfg = Debug|Any CPU
		{50184391-CF74-42D5-A57F-F6CF75949338}.Debug|Any CPU.Build.0 = Debug|Any CPU
		{50184391-CF74-42D5-A57F-F6CF75949338}.Release|Any CPU.ActiveCfg = Release|Any CPU
		{50184391-CF74-42D5-A57F-F6CF75949338}.Release|Any CPU.Build.0 = Release|Any CPU
	EndGlobalSection
	GlobalSection(SolutionProperties) = preSolution
		HideSolutionNode = FALSE
	EndGlobalSection
	GlobalSection(ExtensibilityGlobals) = postSolution
		SolutionGuid = {FBA0DB4D-CB32-4F05-A53B-1981396A5763}
	EndGlobalSection
EndGlobal
